
Microsoft Visual Studio Solution File, Format Version 12.00
# Visual Studio 2013
VisualStudioVersion = 12.0.31101.0
MinimumVisualStudioVersion = 10.0.40219.1
Project("{2150E333-8FDC-42A3-9474-1A3956D46DE8}") = "Solution Items", "Solution Items", "{5B0C7A3B-64E0-4A3C-A3E3-49178249EC46}"
EndProject
Project("{FAE04EC0-301F-11D3-BF4B-00C04F79EFBC}") = "Firefox addon", "Firefox addon\Firefox addon.csproj", "{256F6D35-700C-44D9-B7B2-DC9F0AD213D4}"
EndProject
Global
	GlobalSection(SolutionConfigurationPlatforms) = preSolution
		Beta|Any CPU = Beta|Any CPU
		Beta|Mixed Platforms = Beta|Mixed Platforms
		Beta|Win32 = Beta|Win32
		Beta|x86 = Beta|x86
		DevEdition|Any CPU = DevEdition|Any CPU
		DevEdition|Mixed Platforms = DevEdition|Mixed Platforms
		DevEdition|Win32 = DevEdition|Win32
		DevEdition|x86 = DevEdition|x86
		Nightly|Any CPU = Nightly|Any CPU
		Nightly|Mixed Platforms = Nightly|Mixed Platforms
		Nightly|Win32 = Nightly|Win32
		Nightly|x86 = Nightly|x86
		Release|Any CPU = Release|Any CPU
		Release|Mixed Platforms = Release|Mixed Platforms
		Release|Win32 = Release|Win32
		Release|x86 = Release|x86
		XPI|Any CPU = XPI|Any CPU
		XPI|Mixed Platforms = XPI|Mixed Platforms
		XPI|Win32 = XPI|Win32
		XPI|x86 = XPI|x86
	EndGlobalSection
	GlobalSection(ProjectConfigurationPlatforms) = postSolution
		{256F6D35-700C-44D9-B7B2-DC9F0AD213D4}.Beta|Any CPU.ActiveCfg = Release|Any CPU
		{256F6D35-700C-44D9-B7B2-DC9F0AD213D4}.Beta|Any CPU.Build.0 = Release|Any CPU
		{256F6D35-700C-44D9-B7B2-DC9F0AD213D4}.Beta|Mixed Platforms.ActiveCfg = Beta|Any CPU
		{256F6D35-700C-44D9-B7B2-DC9F0AD213D4}.Beta|Mixed Platforms.Build.0 = Beta|Any CPU
		{256F6D35-700C-44D9-B7B2-DC9F0AD213D4}.Beta|Win32.ActiveCfg = Release|Any CPU
		{256F6D35-700C-44D9-B7B2-DC9F0AD213D4}.Beta|x86.ActiveCfg = Release|Any CPU
		{256F6D35-700C-44D9-B7B2-DC9F0AD213D4}.DevEdition|Any CPU.ActiveCfg = Debug|Any CPU
		{256F6D35-700C-44D9-B7B2-DC9F0AD213D4}.DevEdition|Any CPU.Build.0 = Debug|Any CPU
		{256F6D35-700C-44D9-B7B2-DC9F0AD213D4}.DevEdition|Mixed Platforms.ActiveCfg = DevEdition|Any CPU
		{256F6D35-700C-44D9-B7B2-DC9F0AD213D4}.DevEdition|Mixed Platforms.Build.0 = DevEdition|Any CPU
		{256F6D35-700C-44D9-B7B2-DC9F0AD213D4}.DevEdition|Win32.ActiveCfg = Debug|Any CPU
		{256F6D35-700C-44D9-B7B2-DC9F0AD213D4}.DevEdition|x86.ActiveCfg = Debug|Any CPU
		{256F6D35-700C-44D9-B7B2-DC9F0AD213D4}.Nightly|Any CPU.ActiveCfg = Nightly|Any CPU
		{256F6D35-700C-44D9-B7B2-DC9F0AD213D4}.Nightly|Any CPU.Build.0 = Nightly|Any CPU
		{256F6D35-700C-44D9-B7B2-DC9F0AD213D4}.Nightly|Mixed Platforms.ActiveCfg = Nightly|Any CPU
		{256F6D35-700C-44D9-B7B2-DC9F0AD213D4}.Nightly|Mixed Platforms.Build.0 = Nightly|Any CPU
		{256F6D35-700C-44D9-B7B2-DC9F0AD213D4}.Nightly|Win32.ActiveCfg = Nightly|Any CPU
		{256F6D35-700C-44D9-B7B2-DC9F0AD213D4}.Nightly|x86.ActiveCfg = Nightly|Any CPU
		{256F6D35-700C-44D9-B7B2-DC9F0AD213D4}.Release|Any CPU.ActiveCfg = Release|Any CPU
		{256F6D35-700C-44D9-B7B2-DC9F0AD213D4}.Release|Any CPU.Build.0 = Release|Any CPU
		{256F6D35-700C-44D9-B7B2-DC9F0AD213D4}.Release|Mixed Platforms.ActiveCfg = Release|Any CPU
		{256F6D35-700C-44D9-B7B2-DC9F0AD213D4}.Release|Mixed Platforms.Build.0 = Release|Any CPU
		{256F6D35-700C-44D9-B7B2-DC9F0AD213D4}.Release|Win32.ActiveCfg = Release|Any CPU
		{256F6D35-700C-44D9-B7B2-DC9F0AD213D4}.Release|x86.ActiveCfg = Release|Any CPU
		{256F6D35-700C-44D9-B7B2-DC9F0AD213D4}.XPI|Any CPU.ActiveCfg = XPI|Any CPU
		{256F6D35-700C-44D9-B7B2-DC9F0AD213D4}.XPI|Any CPU.Build.0 = XPI|Any CPU
		{256F6D35-700C-44D9-B7B2-DC9F0AD213D4}.XPI|Mixed Platforms.ActiveCfg = XPI|Any CPU
		{256F6D35-700C-44D9-B7B2-DC9F0AD213D4}.XPI|Mixed Platforms.Build.0 = XPI|Any CPU
		{256F6D35-700C-44D9-B7B2-DC9F0AD213D4}.XPI|Win32.ActiveCfg = XPI|Any CPU
		{256F6D35-700C-44D9-B7B2-DC9F0AD213D4}.XPI|x86.ActiveCfg = XPI|Any CPU
	EndGlobalSection
	GlobalSection(SolutionProperties) = preSolution
		HideSolutionNode = FALSE
	EndGlobalSection
	GlobalSection(TestCaseManagementSettings) = postSolution
		CategoryFile = KeeFox.vsmdi
	EndGlobalSection
EndGlobal
